
Microsoft Visual Studio Solution File, Format Version 12.00
# Visual Studio Version 17
VisualStudioVersion = 17.1.32328.378
MinimumVisualStudioVersion = 10.0.40219.1
Project("{FAE04EC0-301F-11D3-BF4B-00C04F79EFBC}") = "BTConnector", "BTConnector.csproj", "{0285CDD1-7B40-4A9D-8F4D-0A8BA5346DD4}"
EndProject
Global
	GlobalSection(SolutionConfigurationPlatforms) = preSolution
		Debug|Any CPU = Debug|Any CPU
		Release|Any CPU = Release|Any CPU
	EndGlobalSection
	GlobalSection(ProjectConfigurationPlatforms) = postSolution
		{0285CDD1-7B40-4A9D-8F4D-0A8BA5346DD4}.Debug|Any CPU.ActiveCfg = Debug|Any CPU
		{0285CDD1-7B40-4A9D-8F4D-0A8BA5346DD4}.Debug|Any CPU.Build.0 = Debug|Any CPU
		{0285CDD1-7B40-4A9D-8F4D-0A8BA5346DD4}.Release|Any CPU.ActiveCfg = Release|Any CPU
		{0285CDD1-7B40-4A9D-8F4D-0A8BA5346DD4}.Release|Any CPU.Build.0 = Release|Any CPU
	EndGlobalSection
	GlobalSection(SolutionProperties) = preSolution
		HideSolutionNode = FALSE
	EndGlobalSection
	GlobalSection(ExtensibilityGlobals) = postSolution
		SolutionGuid = {C6593A43-9C15-4BFE-85DB-C96342AC13DD}
	EndGlobalSection
EndGlobal
